// !$*UTF8*$!
{
	archiveVersion = 1;
	classes = {
	};
	objectVersion = 46;
	objects = {

/* Begin PBXBuildFile section */
		840E76F71BA4318C003A26A9 /* AppDelegate.swift in Sources */ = {isa = PBXBuildFile; fileRef = 840E76F61BA4318C003A26A9 /* AppDelegate.swift */; };
		840E76FC1BA4318C003A26A9 /* Main.storyboard in Resources */ = {isa = PBXBuildFile; fileRef = 840E76FA1BA4318C003A26A9 /* Main.storyboard */; };
		840E76FE1BA4318C003A26A9 /* Images.xcassets in Resources */ = {isa = PBXBuildFile; fileRef = 840E76FD1BA4318C003A26A9 /* Images.xcassets */; };
		840E77011BA4318C003A26A9 /* LaunchScreen.xib in Resources */ = {isa = PBXBuildFile; fileRef = 840E76FF1BA4318C003A26A9 /* LaunchScreen.xib */; };
		840E770D1BA4318C003A26A9 /* ReactiveAPITests.swift in Sources */ = {isa = PBXBuildFile; fileRef = 840E770C1BA4318C003A26A9 /* ReactiveAPITests.swift */; };
		840E77321BA43427003A26A9 /* ViewController.swift in Sources */ = {isa = PBXBuildFile; fileRef = 840E77311BA43427003A26A9 /* ViewController.swift */; };
		840E77471BA434D8003A26A9 /* API.swift in Sources */ = {isa = PBXBuildFile; fileRef = 840E773D1BA434D8003A26A9 /* API.swift */; };
		840E77481BA434D8003A26A9 /* NetworkManager.swift in Sources */ = {isa = PBXBuildFile; fileRef = 840E77401BA434D8003A26A9 /* NetworkManager.swift */; };
		840E77491BA434D8003A26A9 /* ParserManager.swift in Sources */ = {isa = PBXBuildFile; fileRef = 840E77421BA434D8003A26A9 /* ParserManager.swift */; };
		840E774A1BA434D8003A26A9 /* QuestionManager.swift in Sources */ = {isa = PBXBuildFile; fileRef = 840E77431BA434D8003A26A9 /* QuestionManager.swift */; };
		840E774B1BA434D8003A26A9 /* Items.swift in Sources */ = {isa = PBXBuildFile; fileRef = 840E77451BA434D8003A26A9 /* Items.swift */; };
		840E774C1BA434D8003A26A9 /* Question.swift in Sources */ = {isa = PBXBuildFile; fileRef = 840E77461BA434D8003A26A9 /* Question.swift */; };
		848940881BA493F500860F8B /* APIConstants.plist in Resources */ = {isa = PBXBuildFile; fileRef = 848940861BA493F500860F8B /* APIConstants.plist */; };
		848940891BA493F500860F8B /* APIConstantsManager.swift in Sources */ = {isa = PBXBuildFile; fileRef = 848940871BA493F500860F8B /* APIConstantsManager.swift */; };
		848FA3F61BB1DBEB001DD420 /* ObjectMapper.framework in Frameworks */ = {isa = PBXBuildFile; fileRef = 848FA3F31BB1DBEB001DD420 /* ObjectMapper.framework */; };
		848FA3F71BB1DBEB001DD420 /* ReactiveCocoa.framework in Frameworks */ = {isa = PBXBuildFile; fileRef = 848FA3F41BB1DBEB001DD420 /* ReactiveCocoa.framework */; };
		848FA3F81BB1DBEB001DD420 /* Result.framework in Frameworks */ = {isa = PBXBuildFile; fileRef = 848FA3F51BB1DBEB001DD420 /* Result.framework */; };
/* End PBXBuildFile section */

/* Begin PBXContainerItemProxy section */
		840E77071BA4318C003A26A9 /* PBXContainerItemProxy */ = {
			isa = PBXContainerItemProxy;
			containerPortal = 840E76E91BA4318C003A26A9 /* Project object */;
			proxyType = 1;
			remoteGlobalIDString = 840E76F01BA4318C003A26A9;
			remoteInfo = ReactiveAPI;
		};
/* End PBXContainerItemProxy section */

/* Begin PBXFileReference section */
		840E76F11BA4318C003A26A9 /* ReactiveAPI.app */ = {isa = PBXFileReference; explicitFileType = wrapper.application; includeInIndex = 0; path = ReactiveAPI.app; sourceTree = BUILT_PRODUCTS_DIR; };
		840E76F51BA4318C003A26A9 /* Info.plist */ = {isa = PBXFileReference; lastKnownFileType = text.plist.xml; path = Info.plist; sourceTree = "<group>"; };
		840E76F61BA4318C003A26A9 /* AppDelegate.swift */ = {isa = PBXFileReference; lastKnownFileType = sourcecode.swift; path = AppDelegate.swift; sourceTree = "<group>"; };
		840E76FB1BA4318C003A26A9 /* Base */ = {isa = PBXFileReference; lastKnownFileType = file.storyboard; name = Base; path = Base.lproj/Main.storyboard; sourceTree = "<group>"; };
		840E76FD1BA4318C003A26A9 /* Images.xcassets */ = {isa = PBXFileReference; lastKnownFileType = folder.assetcatalog; path = Images.xcassets; sourceTree = "<group>"; };
		840E77001BA4318C003A26A9 /* Base */ = {isa = PBXFileReference; lastKnownFileType = file.xib; name = Base; path = Base.lproj/LaunchScreen.xib; sourceTree = "<group>"; };
		840E77061BA4318C003A26A9 /* ReactiveAPITests.xctest */ = {isa = PBXFileReference; explicitFileType = wrapper.cfbundle; includeInIndex = 0; path = ReactiveAPITests.xctest; sourceTree = BUILT_PRODUCTS_DIR; };
		840E770B1BA4318C003A26A9 /* Info.plist */ = {isa = PBXFileReference; lastKnownFileType = text.plist.xml; path = Info.plist; sourceTree = "<group>"; };
		840E770C1BA4318C003A26A9 /* ReactiveAPITests.swift */ = {isa = PBXFileReference; lastKnownFileType = sourcecode.swift; path = ReactiveAPITests.swift; sourceTree = "<group>"; };
		840E77311BA43427003A26A9 /* ViewController.swift */ = {isa = PBXFileReference; fileEncoding = 4; lastKnownFileType = sourcecode.swift; path = ViewController.swift; sourceTree = "<group>"; };
		840E773D1BA434D8003A26A9 /* API.swift */ = {isa = PBXFileReference; fileEncoding = 4; lastKnownFileType = sourcecode.swift; path = API.swift; sourceTree = "<group>"; };
		840E77401BA434D8003A26A9 /* NetworkManager.swift */ = {isa = PBXFileReference; fileEncoding = 4; lastKnownFileType = sourcecode.swift; path = NetworkManager.swift; sourceTree = "<group>"; };
		840E77421BA434D8003A26A9 /* ParserManager.swift */ = {isa = PBXFileReference; fileEncoding = 4; lastKnownFileType = sourcecode.swift; path = ParserManager.swift; sourceTree = "<group>"; };
		840E77431BA434D8003A26A9 /* QuestionManager.swift */ = {isa = PBXFileReference; fileEncoding = 4; lastKnownFileType = sourcecode.swift; path = QuestionManager.swift; sourceTree = "<group>"; };
		840E77451BA434D8003A26A9 /* Items.swift */ = {isa = PBXFileReference; fileEncoding = 4; lastKnownFileType = sourcecode.swift; path = Items.swift; sourceTree = "<group>"; };
		840E77461BA434D8003A26A9 /* Question.swift */ = {isa = PBXFileReference; fileEncoding = 4; lastKnownFileType = sourcecode.swift; path = Question.swift; sourceTree = "<group>"; };
		848940861BA493F500860F8B /* APIConstants.plist */ = {isa = PBXFileReference; fileEncoding = 4; lastKnownFileType = text.plist.xml; path = APIConstants.plist; sourceTree = "<group>"; };
		848940871BA493F500860F8B /* APIConstantsManager.swift */ = {isa = PBXFileReference; fileEncoding = 4; lastKnownFileType = sourcecode.swift; path = APIConstantsManager.swift; sourceTree = "<group>"; };
		848FA3F31BB1DBEB001DD420 /* ObjectMapper.framework */ = {isa = PBXFileReference; lastKnownFileType = wrapper.framework; path = ObjectMapper.framework; sourceTree = "<group>"; };
		848FA3F41BB1DBEB001DD420 /* ReactiveCocoa.framework */ = {isa = PBXFileReference; lastKnownFileType = wrapper.framework; path = ReactiveCocoa.framework; sourceTree = "<group>"; };
		848FA3F51BB1DBEB001DD420 /* Result.framework */ = {isa = PBXFileReference; lastKnownFileType = wrapper.framework; path = Result.framework; sourceTree = "<group>"; };
/* End PBXFileReference section */

/* Begin PBXFrameworksBuildPhase section */
		840E76EE1BA4318C003A26A9 /* Frameworks */ = {
			isa = PBXFrameworksBuildPhase;
			buildActionMask = 2147483647;
			files = (
				848FA3F81BB1DBEB001DD420 /* Result.framework in Frameworks */,
				848FA3F61BB1DBEB001DD420 /* ObjectMapper.framework in Frameworks */,
				848FA3F71BB1DBEB001DD420 /* ReactiveCocoa.framework in Frameworks */,
			);
			runOnlyForDeploymentPostprocessing = 0;
		};
		840E77031BA4318C003A26A9 /* Frameworks */ = {
			isa = PBXFrameworksBuildPhase;
			buildActionMask = 2147483647;
			files = (
			);
			runOnlyForDeploymentPostprocessing = 0;
		};
/* End PBXFrameworksBuildPhase section */

/* Begin PBXGroup section */
		840E76E81BA4318C003A26A9 = {
			isa = PBXGroup;
			children = (
				840E76F31BA4318C003A26A9 /* ReactiveAPI */,
				840E77091BA4318C003A26A9 /* ReactiveAPITests */,
				840E76F21BA4318C003A26A9 /* Products */,
			);
			sourceTree = "<group>";
		};
		840E76F21BA4318C003A26A9 /* Products */ = {
			isa = PBXGroup;
			children = (
				840E76F11BA4318C003A26A9 /* ReactiveAPI.app */,
				840E77061BA4318C003A26A9 /* ReactiveAPITests.xctest */,
			);
			name = Products;
			sourceTree = "<group>";
		};
		840E76F31BA4318C003A26A9 /* ReactiveAPI */ = {
			isa = PBXGroup;
			children = (
				840E77331BA434CC003A26A9 /* Carthage */,
				840E76F61BA4318C003A26A9 /* AppDelegate.swift */,
				840E77311BA43427003A26A9 /* ViewController.swift */,
				840E773C1BA434D8003A26A9 /* API */,
				840E76FA1BA4318C003A26A9 /* Main.storyboard */,
				840E76FD1BA4318C003A26A9 /* Images.xcassets */,
				840E76FF1BA4318C003A26A9 /* LaunchScreen.xib */,
				840E76F41BA4318C003A26A9 /* Supporting Files */,
			);
			path = ReactiveAPI;
			sourceTree = "<group>";
		};
		840E76F41BA4318C003A26A9 /* Supporting Files */ = {
			isa = PBXGroup;
			children = (
				840E76F51BA4318C003A26A9 /* Info.plist */,
			);
			name = "Supporting Files";
			sourceTree = "<group>";
		};
		840E77091BA4318C003A26A9 /* ReactiveAPITests */ = {
			isa = PBXGroup;
			children = (
				840E770C1BA4318C003A26A9 /* ReactiveAPITests.swift */,
				840E770A1BA4318C003A26A9 /* Supporting Files */,
			);
			path = ReactiveAPITests;
			sourceTree = "<group>";
		};
		840E770A1BA4318C003A26A9 /* Supporting Files */ = {
			isa = PBXGroup;
			children = (
				840E770B1BA4318C003A26A9 /* Info.plist */,
			);
			name = "Supporting Files";
			sourceTree = "<group>";
		};
		840E77331BA434CC003A26A9 /* Carthage */ = {
			isa = PBXGroup;
			children = (
				848FA3F31BB1DBEB001DD420 /* ObjectMapper.framework */,
				848FA3F41BB1DBEB001DD420 /* ReactiveCocoa.framework */,
				848FA3F51BB1DBEB001DD420 /* Result.framework */,
			);
			path = Carthage;
			sourceTree = "<group>";
		};
		840E773C1BA434D8003A26A9 /* API */ = {
			isa = PBXGroup;
			children = (
				840E773D1BA434D8003A26A9 /* API.swift */,
				840E773E1BA434D8003A26A9 /* Managers */,
				840E77441BA434D8003A26A9 /* Models */,
			);
			path = API;
			sourceTree = "<group>";
		};
		840E773E1BA434D8003A26A9 /* Managers */ = {
			isa = PBXGroup;
			children = (
				840E77431BA434D8003A26A9 /* QuestionManager.swift */,
				840E77411BA434D8003A26A9 /* Parser */,
				840E773F1BA434D8003A26A9 /* Network */,
				848940851BA493F500860F8B /* Utils */,
			);
			path = Managers;
			sourceTree = "<group>";
		};
		840E773F1BA434D8003A26A9 /* Network */ = {
			isa = PBXGroup;
			children = (
				840E77401BA434D8003A26A9 /* NetworkManager.swift */,
			);
			path = Network;
			sourceTree = "<group>";
		};
		840E77411BA434D8003A26A9 /* Parser */ = {
			isa = PBXGroup;
			children = (
				840E77421BA434D8003A26A9 /* ParserManager.swift */,
			);
			path = Parser;
			sourceTree = "<group>";
		};
		840E77441BA434D8003A26A9 /* Models */ = {
			isa = PBXGroup;
			children = (
				840E77451BA434D8003A26A9 /* Items.swift */,
				840E77461BA434D8003A26A9 /* Question.swift */,
			);
			path = Models;
			sourceTree = "<group>";
		};
		848940851BA493F500860F8B /* Utils */ = {
			isa = PBXGroup;
			children = (
				848940871BA493F500860F8B /* APIConstantsManager.swift */,
				848940861BA493F500860F8B /* APIConstants.plist */,
			);
			name = Utils;
			path = ../Utils;
			sourceTree = "<group>";
		};
/* End PBXGroup section */

/* Begin PBXNativeTarget section */
		840E76F01BA4318C003A26A9 /* ReactiveAPI */ = {
			isa = PBXNativeTarget;
			buildConfigurationList = 840E77101BA4318C003A26A9 /* Build configuration list for PBXNativeTarget "ReactiveAPI" */;
			buildPhases = (
				840E76ED1BA4318C003A26A9 /* Sources */,
				840E76EE1BA4318C003A26A9 /* Frameworks */,
				840E76EF1BA4318C003A26A9 /* Resources */,
				8443AA5A1BB47D08004014D8 /* ShellScript */,
			);
			buildRules = (
			);
			dependencies = (
			);
			name = ReactiveAPI;
			productName = ReactiveAPI;
			productReference = 840E76F11BA4318C003A26A9 /* ReactiveAPI.app */;
			productType = "com.apple.product-type.application";
		};
		840E77051BA4318C003A26A9 /* ReactiveAPITests */ = {
			isa = PBXNativeTarget;
			buildConfigurationList = 840E77131BA4318C003A26A9 /* Build configuration list for PBXNativeTarget "ReactiveAPITests" */;
			buildPhases = (
				840E77021BA4318C003A26A9 /* Sources */,
				840E77031BA4318C003A26A9 /* Frameworks */,
				840E77041BA4318C003A26A9 /* Resources */,
			);
			buildRules = (
			);
			dependencies = (
				840E77081BA4318C003A26A9 /* PBXTargetDependency */,
			);
			name = ReactiveAPITests;
			productName = ReactiveAPITests;
			productReference = 840E77061BA4318C003A26A9 /* ReactiveAPITests.xctest */;
			productType = "com.apple.product-type.bundle.unit-test";
		};
/* End PBXNativeTarget section */

/* Begin PBXProject section */
		840E76E91BA4318C003A26A9 /* Project object */ = {
			isa = PBXProject;
			attributes = {
				LastSwiftMigration = 0700;
				LastSwiftUpdateCheck = 0700;
				LastUpgradeCheck = 0700;
				ORGANIZATIONNAME = Moral;
				TargetAttributes = {
					840E76F01BA4318C003A26A9 = {
						CreatedOnToolsVersion = 6.4;
					};
					840E77051BA4318C003A26A9 = {
						CreatedOnToolsVersion = 6.4;
						TestTargetID = 840E76F01BA4318C003A26A9;
					};
				};
			};
			buildConfigurationList = 840E76EC1BA4318C003A26A9 /* Build configuration list for PBXProject "ReactiveAPI" */;
			compatibilityVersion = "Xcode 3.2";
			developmentRegion = English;
			hasScannedForEncodings = 0;
			knownRegions = (
				en,
				Base,
			);
			mainGroup = 840E76E81BA4318C003A26A9;
			productRefGroup = 840E76F21BA4318C003A26A9 /* Products */;
			projectDirPath = "";
			projectRoot = "";
			targets = (
				840E76F01BA4318C003A26A9 /* ReactiveAPI */,
				840E77051BA4318C003A26A9 /* ReactiveAPITests */,
			);
		};
/* End PBXProject section */

/* Begin PBXResourcesBuildPhase section */
		840E76EF1BA4318C003A26A9 /* Resources */ = {
			isa = PBXResourcesBuildPhase;
			buildActionMask = 2147483647;
			files = (
				840E76FC1BA4318C003A26A9 /* Main.storyboard in Resources */,
				848940881BA493F500860F8B /* APIConstants.plist in Resources */,
				840E77011BA4318C003A26A9 /* LaunchScreen.xib in Resources */,
				840E76FE1BA4318C003A26A9 /* Images.xcassets in Resources */,
			);
			runOnlyForDeploymentPostprocessing = 0;
		};
		840E77041BA4318C003A26A9 /* Resources */ = {
			isa = PBXResourcesBuildPhase;
			buildActionMask = 2147483647;
			files = (
			);
			runOnlyForDeploymentPostprocessing = 0;
		};
/* End PBXResourcesBuildPhase section */

/* Begin PBXShellScriptBuildPhase section */
		8443AA5A1BB47D08004014D8 /* ShellScript */ = {
			isa = PBXShellScriptBuildPhase;
			buildActionMask = 2147483647;
			files = (
			);
			inputPaths = (
				"$(SRCROOT)/Carthage/Build/iOS/ObjectMapper.framework",
				"$(SRCROOT)/Carthage/Build/iOS/ReactiveCocoa.framework",
				"$(SRCROOT)/Carthage/Build/iOS/Result.framework",
			);
			outputPaths = (
			);
			runOnlyForDeploymentPostprocessing = 0;
			shellPath = /bin/sh;
			shellScript = "/usr/local/bin/carthage copy-frameworks";
		};
/* End PBXShellScriptBuildPhase section */

/* Begin PBXSourcesBuildPhase section */
		840E76ED1BA4318C003A26A9 /* Sources */ = {
			isa = PBXSourcesBuildPhase;
			buildActionMask = 2147483647;
			files = (
				840E77481BA434D8003A26A9 /* NetworkManager.swift in Sources */,
				840E774C1BA434D8003A26A9 /* Question.swift in Sources */,
				848940891BA493F500860F8B /* APIConstantsManager.swift in Sources */,
				840E77491BA434D8003A26A9 /* ParserManager.swift in Sources */,
				840E77321BA43427003A26A9 /* ViewController.swift in Sources */,
				840E77471BA434D8003A26A9 /* API.swift in Sources */,
				840E774B1BA434D8003A26A9 /* Items.swift in Sources */,
				840E76F71BA4318C003A26A9 /* AppDelegate.swift in Sources */,
				840E774A1BA434D8003A26A9 /* QuestionManager.swift in Sources */,
			);
			runOnlyForDeploymentPostprocessing = 0;
		};
		840E77021BA4318C003A26A9 /* Sources */ = {
			isa = PBXSourcesBuildPhase;
			buildActionMask = 2147483647;
			files = (
				840E770D1BA4318C003A26A9 /* ReactiveAPITests.swift in Sources */,
			);
			runOnlyForDeploymentPostprocessing = 0;
		};
/* End PBXSourcesBuildPhase section */

/* Begin PBXTargetDependency section */
		840E77081BA4318C003A26A9 /* PBXTargetDependency */ = {
			isa = PBXTargetDependency;
			target = 840E76F01BA4318C003A26A9 /* ReactiveAPI */;
			targetProxy = 840E77071BA4318C003A26A9 /* PBXContainerItemProxy */;
		};
/* End PBXTargetDependency section */

/* Begin PBXVariantGroup section */
		840E76FA1BA4318C003A26A9 /* Main.storyboard */ = {
			isa = PBXVariantGroup;
			children = (
				840E76FB1BA4318C003A26A9 /* Base */,
			);
			name = Main.storyboard;
			sourceTree = "<group>";
		};
		840E76FF1BA4318C003A26A9 /* LaunchScreen.xib */ = {
			isa = PBXVariantGroup;
			children = (
				840E77001BA4318C003A26A9 /* Base */,
			);
			name = LaunchScreen.xib;
			sourceTree = "<group>";
		};
/* End PBXVariantGroup section */

/* Begin XCBuildConfiguration section */
		840E770E1BA4318C003A26A9 /* Debug */ = {
			isa = XCBuildConfiguration;
			buildSettings = {
				ALWAYS_SEARCH_USER_PATHS = NO;
				CLANG_CXX_LANGUAGE_STANDARD = "gnu++0x";
				CLANG_CXX_LIBRARY = "libc++";
				CLANG_ENABLE_MODULES = YES;
				CLANG_ENABLE_OBJC_ARC = YES;
				CLANG_WARN_BOOL_CONVERSION = YES;
				CLANG_WARN_CONSTANT_CONVERSION = YES;
				CLANG_WARN_DIRECT_OBJC_ISA_USAGE = YES_ERROR;
				CLANG_WARN_EMPTY_BODY = YES;
				CLANG_WARN_ENUM_CONVERSION = YES;
				CLANG_WARN_INT_CONVERSION = YES;
				CLANG_WARN_OBJC_ROOT_CLASS = YES_ERROR;
				CLANG_WARN_UNREACHABLE_CODE = YES;
				CLANG_WARN__DUPLICATE_METHOD_MATCH = YES;
				"CODE_SIGN_IDENTITY[sdk=iphoneos*]" = "iPhone Developer";
				COPY_PHASE_STRIP = NO;
				DEBUG_INFORMATION_FORMAT = "dwarf-with-dsym";
				ENABLE_STRICT_OBJC_MSGSEND = YES;
				ENABLE_TESTABILITY = YES;
				GCC_C_LANGUAGE_STANDARD = gnu99;
				GCC_DYNAMIC_NO_PIC = NO;
				GCC_NO_COMMON_BLOCKS = YES;
				GCC_OPTIMIZATION_LEVEL = 0;
				GCC_PREPROCESSOR_DEFINITIONS = (
					"DEBUG=1",
					"$(inherited)",
				);
				GCC_SYMBOLS_PRIVATE_EXTERN = NO;
				GCC_WARN_64_TO_32_BIT_CONVERSION = YES;
				GCC_WARN_ABOUT_RETURN_TYPE = YES_ERROR;
				GCC_WARN_UNDECLARED_SELECTOR = YES;
				GCC_WARN_UNINITIALIZED_AUTOS = YES_AGGRESSIVE;
				GCC_WARN_UNUSED_FUNCTION = YES;
				GCC_WARN_UNUSED_VARIABLE = YES;
				IPHONEOS_DEPLOYMENT_TARGET = 8.4;
				MTL_ENABLE_DEBUG_INFO = YES;
				ONLY_ACTIVE_ARCH = YES;
				SDKROOT = iphoneos;
				SWIFT_OPTIMIZATION_LEVEL = "-Onone";
				TARGETED_DEVICE_FAMILY = "1,2";
			};
			name = Debug;
		};
		840E770F1BA4318C003A26A9 /* Release */ = {
			isa = XCBuildConfiguration;
			buildSettings = {
				ALWAYS_SEARCH_USER_PATHS = NO;
				CLANG_CXX_LANGUAGE_STANDARD = "gnu++0x";
				CLANG_CXX_LIBRARY = "libc++";
				CLANG_ENABLE_MODULES = YES;
				CLANG_ENABLE_OBJC_ARC = YES;
				CLANG_WARN_BOOL_CONVERSION = YES;
				CLANG_WARN_CONSTANT_CONVERSION = YES;
				CLANG_WARN_DIRECT_OBJC_ISA_USAGE = YES_ERROR;
				CLANG_WARN_EMPTY_BODY = YES;
				CLANG_WARN_ENUM_CONVERSION = YES;
				CLANG_WARN_INT_CONVERSION = YES;
				CLANG_WARN_OBJC_ROOT_CLASS = YES_ERROR;
				CLANG_WARN_UNREACHABLE_CODE = YES;
				CLANG_WARN__DUPLICATE_METHOD_MATCH = YES;
				"CODE_SIGN_IDENTITY[sdk=iphoneos*]" = "iPhone Developer";
				COPY_PHASE_STRIP = NO;
				DEBUG_INFORMATION_FORMAT = "dwarf-with-dsym";
				ENABLE_NS_ASSERTIONS = NO;
				ENABLE_STRICT_OBJC_MSGSEND = YES;
				GCC_C_LANGUAGE_STANDARD = gnu99;
				GCC_NO_COMMON_BLOCKS = YES;
				GCC_WARN_64_TO_32_BIT_CONVERSION = YES;
				GCC_WARN_ABOUT_RETURN_TYPE = YES_ERROR;
				GCC_WARN_UNDECLARED_SELECTOR = YES;
				GCC_WARN_UNINITIALIZED_AUTOS = YES_AGGRESSIVE;
				GCC_WARN_UNUSED_FUNCTION = YES;
				GCC_WARN_UNUSED_VARIABLE = YES;
				IPHONEOS_DEPLOYMENT_TARGET = 8.4;
				MTL_ENABLE_DEBUG_INFO = NO;
				SDKROOT = iphoneos;
				TARGETED_DEVICE_FAMILY = "1,2";
				VALIDATE_PRODUCT = YES;
			};
			name = Release;
		};
		840E77111BA4318C003A26A9 /* Debug */ = {
			isa = XCBuildConfiguration;
			buildSettings = {
				ASSETCATALOG_COMPILER_APPICON_NAME = AppIcon;
				FRAMEWORK_SEARCH_PATHS = (
					"$(inherited)",
					"$(PROJECT_DIR)/ReactiveAPI",
					"$(PROJECT_DIR)/ReactiveAPI/Carthage",
				);
				INFOPLIST_FILE = ReactiveAPI/Info.plist;
				LD_RUNPATH_SEARCH_PATHS = "$(inherited) @executable_path/Frameworks";
				PRODUCT_BUNDLE_IDENTIFIER = "com.AlbertoMoral.$(PRODUCT_NAME:rfc1034identifier)";
				PRODUCT_NAME = "$(TARGET_NAME)";
			};
			name = Debug;
		};
		840E77121BA4318C003A26A9 /* Release */ = {
			isa = XCBuildConfiguration;
			buildSettings = {
				ASSETCATALOG_COMPILER_APPICON_NAME = AppIcon;
				FRAMEWORK_SEARCH_PATHS = (
					"$(inherited)",
					"$(PROJECT_DIR)/ReactiveAPI",
					"$(PROJECT_DIR)/ReactiveAPI/Carthage",
				);
				INFOPLIST_FILE = ReactiveAPI/Info.plist;
				LD_RUNPATH_SEARCH_PATHS = "$(inherited) @executable_path/Frameworks";
				PRODUCT_BUNDLE_IDENTIFIER = "com.AlbertoMoral.$(PRODUCT_NAME:rfc1034identifier)";
				PRODUCT_NAME = "$(TARGET_NAME)";
			};
			name = Release;
		};
		840E77141BA4318C003A26A9 /* Debug */ = {
			isa = XCBuildConfiguration;
			buildSettings = {
				BUNDLE_LOADER = "$(TEST_HOST)";
				FRAMEWORK_SEARCH_PATHS = (
					"$(SDKROOT)/Developer/Library/Frameworks",
					"$(inherited)",
				);
				GCC_PREPROCESSOR_DEFINITIONS = (
					"DEBUG=1",
					"$(inherited)",
				);
				INFOPLIST_FILE = ReactiveAPITests/Info.plist;
				LD_RUNPATH_SEARCH_PATHS = "$(inherited) @executable_path/Frameworks @loader_path/Frameworks";
				PRODUCT_BUNDLE_IDENTIFIER = "com.AlbertoMoral.$(PRODUCT_NAME:rfc1034identifier)";
				PRODUCT_NAME = "$(TARGET_NAME)";
				TEST_HOST = "$(BUILT_PRODUCTS_DIR)/ReactiveAPI.app/ReactiveAPI";
			};
			name = Debug;
		};
		840E77151BA4318C003A26A9 /* Release */ = {
			isa = XCBuildConfiguration;
			buildSettings = {
				BUNDLE_LOADER = "$(TEST_HOST)";
				FRAMEWORK_SEARCH_PATHS = (
					"$(SDKROOT)/Developer/Library/Frameworks",
					"$(inherited)",
				);
				INFOPLIST_FILE = ReactiveAPITests/Info.plist;
				LD_RUNPATH_SEARCH_PATHS = "$(inherited) @executable_path/Frameworks @loader_path/Frameworks";
				PRODUCT_BUNDLE_IDENTIFIER = "com.AlbertoMoral.$(PRODUCT_NAME:rfc1034identifier)";
				PRODUCT_NAME = "$(TARGET_NAME)";
				TEST_HOST = "$(BUILT_PRODUCTS_DIR)/ReactiveAPI.app/ReactiveAPI";
			};
			name = Release;
		};
/* End XCBuildConfiguration section */

/* Begin XCConfigurationList section */
		840E76EC1BA4318C003A26A9 /* Build configuration list for PBXProject "ReactiveAPI" */ = {
			isa = XCConfigurationList;
			buildConfigurations = (
				840E770E1BA4318C003A26A9 /* Debug */,
				840E770F1BA4318C003A26A9 /* Release */,
			);
			defaultConfigurationIsVisible = 0;
			defaultConfigurationName = Release;
		};
		840E77101BA4318C003A26A9 /* Build configuration list for PBXNativeTarget "ReactiveAPI" */ = {
			isa = XCConfigurationList;
			buildConfigurations = (
				840E77111BA4318C003A26A9 /* Debug */,
				840E77121BA4318C003A26A9 /* Release */,
			);
			defaultConfigurationIsVisible = 0;
			defaultConfigurationName = Release;
		};
		840E77131BA4318C003A26A9 /* Build configuration list for PBXNativeTarget "ReactiveAPITests" */ = {
			isa = XCConfigurationList;
			buildConfigurations = (
				840E77141BA4318C003A26A9 /* Debug */,
				840E77151BA4318C003A26A9 /* Release */,
			);
			defaultConfigurationIsVisible = 0;
			defaultConfigurationName = Release;
		};
/* End XCConfigurationList section */
	};
	rootObject = 840E76E91BA4318C003A26A9 /* Project object */;
}
